// !$*UTF8*$!
{
	archiveVersion = 1;
	classes = {
	};
	objectVersion = 46;
	objects = {

/* Begin PBXBuildFile section */
		CF9F63681F3F084C007A2D8E /* itemDetailsVC.swift in Sources */ = {isa = PBXBuildFile; fileRef = CF9F63671F3F084C007A2D8E /* itemDetailsVC.swift */; };
		CF9F636A1F3F0ADD007A2D8E /* CustomTextField.swift in Sources */ = {isa = PBXBuildFile; fileRef = CF9F63691F3F0ADD007A2D8E /* CustomTextField.swift */; };
		CFE172311F3EDB880000B1B8 /* AppDelegate.swift in Sources */ = {isa = PBXBuildFile; fileRef = CFE172301F3EDB880000B1B8 /* AppDelegate.swift */; };
		CFE172331F3EDB880000B1B8 /* MainVC.swift in Sources */ = {isa = PBXBuildFile; fileRef = CFE172321F3EDB880000B1B8 /* MainVC.swift */; };
		CFE172361F3EDB880000B1B8 /* Main.storyboard in Resources */ = {isa = PBXBuildFile; fileRef = CFE172341F3EDB880000B1B8 /* Main.storyboard */; };
		CFE172391F3EDB880000B1B8 /* DreamListerBetter.xcdatamodeld in Sources */ = {isa = PBXBuildFile; fileRef = CFE172371F3EDB880000B1B8 /* DreamListerBetter.xcdatamodeld */; };
		CFE1723B1F3EDB880000B1B8 /* Assets.xcassets in Resources */ = {isa = PBXBuildFile; fileRef = CFE1723A1F3EDB880000B1B8 /* Assets.xcassets */; };
		CFE1723E1F3EDB880000B1B8 /* LaunchScreen.storyboard in Resources */ = {isa = PBXBuildFile; fileRef = CFE1723C1F3EDB880000B1B8 /* LaunchScreen.storyboard */; };
		CFE172671F3EE1190000B1B8 /* Image+CoreDataClass.swift in Sources */ = {isa = PBXBuildFile; fileRef = CFE1725F1F3EE1190000B1B8 /* Image+CoreDataClass.swift */; };
		CFE172681F3EE1190000B1B8 /* Image+CoreDataProperties.swift in Sources */ = {isa = PBXBuildFile; fileRef = CFE172601F3EE1190000B1B8 /* Image+CoreDataProperties.swift */; };
		CFE172691F3EE1190000B1B8 /* Item+CoreDataClass.swift in Sources */ = {isa = PBXBuildFile; fileRef = CFE172611F3EE1190000B1B8 /* Item+CoreDataClass.swift */; };
		CFE1726A1F3EE1190000B1B8 /* Item+CoreDataProperties.swift in Sources */ = {isa = PBXBuildFile; fileRef = CFE172621F3EE1190000B1B8 /* Item+CoreDataProperties.swift */; };
		CFE1726B1F3EE1190000B1B8 /* Store+CoreDataClass.swift in Sources */ = {isa = PBXBuildFile; fileRef = CFE172631F3EE1190000B1B8 /* Store+CoreDataClass.swift */; };
		CFE1726C1F3EE1190000B1B8 /* Store+CoreDataProperties.swift in Sources */ = {isa = PBXBuildFile; fileRef = CFE172641F3EE1190000B1B8 /* Store+CoreDataProperties.swift */; };
		CFE1726D1F3EE1190000B1B8 /* ItemType+CoreDataClass.swift in Sources */ = {isa = PBXBuildFile; fileRef = CFE172651F3EE1190000B1B8 /* ItemType+CoreDataClass.swift */; };
		CFE1726E1F3EE1190000B1B8 /* ItemType+CoreDataProperties.swift in Sources */ = {isa = PBXBuildFile; fileRef = CFE172661F3EE1190000B1B8 /* ItemType+CoreDataProperties.swift */; };
		CFE172721F3EE3250000B1B8 /* women.jpg in Resources */ = {isa = PBXBuildFile; fileRef = CFE172711F3EE3250000B1B8 /* women.jpg */; };
		CFE172751F3EE4130000B1B8 /* materialView.swift in Sources */ = {isa = PBXBuildFile; fileRef = CFE172741F3EE4130000B1B8 /* materialView.swift */; };
		CFE172771F3EE9E60000B1B8 /* itemCell.swift in Sources */ = {isa = PBXBuildFile; fileRef = CFE172761F3EE9E60000B1B8 /* itemCell.swift */; };
/* End PBXBuildFile section */

/* Begin PBXFileReference section */
		CF9F63671F3F084C007A2D8E /* itemDetailsVC.swift */ = {isa = PBXFileReference; fileEncoding = 4; lastKnownFileType = sourcecode.swift; path = itemDetailsVC.swift; sourceTree = "<group>"; };
		CF9F63691F3F0ADD007A2D8E /* CustomTextField.swift */ = {isa = PBXFileReference; fileEncoding = 4; lastKnownFileType = sourcecode.swift; path = CustomTextField.swift; sourceTree = "<group>"; };
		CFE1722D1F3EDB880000B1B8 /* DreamListerBetter.app */ = {isa = PBXFileReference; explicitFileType = wrapper.application; includeInIndex = 0; path = DreamListerBetter.app; sourceTree = BUILT_PRODUCTS_DIR; };
		CFE172301F3EDB880000B1B8 /* AppDelegate.swift */ = {isa = PBXFileReference; lastKnownFileType = sourcecode.swift; path = AppDelegate.swift; sourceTree = "<group>"; };
		CFE172321F3EDB880000B1B8 /* MainVC.swift */ = {isa = PBXFileReference; lastKnownFileType = sourcecode.swift; path = MainVC.swift; sourceTree = "<group>"; };
		CFE172351F3EDB880000B1B8 /* Base */ = {isa = PBXFileReference; lastKnownFileType = file.storyboard; name = Base; path = Base.lproj/Main.storyboard; sourceTree = "<group>"; };
		CFE172381F3EDB880000B1B8 /* DreamListerBetter.xcdatamodel */ = {isa = PBXFileReference; lastKnownFileType = wrapper.xcdatamodel; path = DreamListerBetter.xcdatamodel; sourceTree = "<group>"; };
		CFE1723A1F3EDB880000B1B8 /* Assets.xcassets */ = {isa = PBXFileReference; lastKnownFileType = folder.assetcatalog; path = Assets.xcassets; sourceTree = "<group>"; };
		CFE1723D1F3EDB880000B1B8 /* Base */ = {isa = PBXFileReference; lastKnownFileType = file.storyboard; name = Base; path = Base.lproj/LaunchScreen.storyboard; sourceTree = "<group>"; };
		CFE1723F1F3EDB880000B1B8 /* Info.plist */ = {isa = PBXFileReference; lastKnownFileType = text.plist.xml; path = Info.plist; sourceTree = "<group>"; };
		CFE1725F1F3EE1190000B1B8 /* Image+CoreDataClass.swift */ = {isa = PBXFileReference; fileEncoding = 4; lastKnownFileType = sourcecode.swift; path = "Image+CoreDataClass.swift"; sourceTree = "<group>"; };
		CFE172601F3EE1190000B1B8 /* Image+CoreDataProperties.swift */ = {isa = PBXFileReference; fileEncoding = 4; lastKnownFileType = sourcecode.swift; path = "Image+CoreDataProperties.swift"; sourceTree = "<group>"; };
		CFE172611F3EE1190000B1B8 /* Item+CoreDataClass.swift */ = {isa = PBXFileReference; fileEncoding = 4; lastKnownFileType = sourcecode.swift; path = "Item+CoreDataClass.swift"; sourceTree = "<group>"; };
		CFE172621F3EE1190000B1B8 /* Item+CoreDataProperties.swift */ = {isa = PBXFileReference; fileEncoding = 4; lastKnownFileType = sourcecode.swift; path = "Item+CoreDataProperties.swift"; sourceTree = "<group>"; };
		CFE172631F3EE1190000B1B8 /* Store+CoreDataClass.swift */ = {isa = PBXFileReference; fileEncoding = 4; lastKnownFileType = sourcecode.swift; path = "Store+CoreDataClass.swift"; sourceTree = "<group>"; };
		CFE172641F3EE1190000B1B8 /* Store+CoreDataProperties.swift */ = {isa = PBXFileReference; fileEncoding = 4; lastKnownFileType = sourcecode.swift; path = "Store+CoreDataProperties.swift"; sourceTree = "<group>"; };
		CFE172651F3EE1190000B1B8 /* ItemType+CoreDataClass.swift */ = {isa = PBXFileReference; fileEncoding = 4; lastKnownFileType = sourcecode.swift; path = "ItemType+CoreDataClass.swift"; sourceTree = "<group>"; };
		CFE172661F3EE1190000B1B8 /* ItemType+CoreDataProperties.swift */ = {isa = PBXFileReference; fileEncoding = 4; lastKnownFileType = sourcecode.swift; path = "ItemType+CoreDataProperties.swift"; sourceTree = "<group>"; };
		CFE172711F3EE3250000B1B8 /* women.jpg */ = {isa = PBXFileReference; lastKnownFileType = image.jpeg; path = women.jpg; sourceTree = "<group>"; };
		CFE172741F3EE4130000B1B8 /* materialView.swift */ = {isa = PBXFileReference; fileEncoding = 4; lastKnownFileType = sourcecode.swift; path = materialView.swift; sourceTree = "<group>"; };
		CFE172761F3EE9E60000B1B8 /* itemCell.swift */ = {isa = PBXFileReference; fileEncoding = 4; lastKnownFileType = sourcecode.swift; path = itemCell.swift; sourceTree = "<group>"; };
/* End PBXFileReference section */

/* Begin PBXFrameworksBuildPhase section */
		CFE1722A1F3EDB880000B1B8 /* Frameworks */ = {
			isa = PBXFrameworksBuildPhase;
			buildActionMask = 2147483647;
			files = (
			);
			runOnlyForDeploymentPostprocessing = 0;
		};
/* End PBXFrameworksBuildPhase section */

/* Begin PBXGroup section */
		CF9F63641F3F07AA007A2D8E /* Viewcontroller */ = {
			isa = PBXGroup;
			children = (
				CFE172321F3EDB880000B1B8 /* MainVC.swift */,
				CF9F63671F3F084C007A2D8E /* itemDetailsVC.swift */,
			);
			name = Viewcontroller;
			sourceTree = "<group>";
		};
		CFE172241F3EDB880000B1B8 = {
			isa = PBXGroup;
			children = (
				CFE1722F1F3EDB880000B1B8 /* DreamListerBetter */,
				CFE1722E1F3EDB880000B1B8 /* Products */,
			);
			sourceTree = "<group>";
		};
		CFE1722E1F3EDB880000B1B8 /* Products */ = {
			isa = PBXGroup;
			children = (
				CFE1722D1F3EDB880000B1B8 /* DreamListerBetter.app */,
			);
			name = Products;
			sourceTree = "<group>";
		};
		CFE1722F1F3EDB880000B1B8 /* DreamListerBetter */ = {
			isa = PBXGroup;
			children = (
				CFE1726F1F3EE1250000B1B8 /* Model */,
				CFE172731F3EE3EE0000B1B8 /* View */,
				CFE172301F3EDB880000B1B8 /* AppDelegate.swift */,
				CF9F63641F3F07AA007A2D8E /* Viewcontroller */,
				CFE172341F3EDB880000B1B8 /* Main.storyboard */,
				CF9F63691F3F0ADD007A2D8E /* CustomTextField.swift */,
				CFE172711F3EE3250000B1B8 /* women.jpg */,
				CFE1723A1F3EDB880000B1B8 /* Assets.xcassets */,
				CFE1723C1F3EDB880000B1B8 /* LaunchScreen.storyboard */,
				CFE1723F1F3EDB880000B1B8 /* Info.plist */,
				CFE172371F3EDB880000B1B8 /* DreamListerBetter.xcdatamodeld */,
			);
			path = DreamListerBetter;
			sourceTree = "<group>";
		};
		CFE1726F1F3EE1250000B1B8 /* Model */ = {
			isa = PBXGroup;
			children = (
				CFE1725F1F3EE1190000B1B8 /* Image+CoreDataClass.swift */,
				CFE172611F3EE1190000B1B8 /* Item+CoreDataClass.swift */,
				CFE172631F3EE1190000B1B8 /* Store+CoreDataClass.swift */,
				CFE172651F3EE1190000B1B8 /* ItemType+CoreDataClass.swift */,
				CFE172701F3EE12D0000B1B8 /* Generated */,
			);
			name = Model;
			sourceTree = "<group>";
		};
		CFE172701F3EE12D0000B1B8 /* Generated */ = {
			isa = PBXGroup;
			children = (
				CFE172601F3EE1190000B1B8 /* Image+CoreDataProperties.swift */,
				CFE172621F3EE1190000B1B8 /* Item+CoreDataProperties.swift */,
				CFE172641F3EE1190000B1B8 /* Store+CoreDataProperties.swift */,
				CFE172661F3EE1190000B1B8 /* ItemType+CoreDataProperties.swift */,
			);
			name = Generated;
			sourceTree = "<group>";
		};
		CFE172731F3EE3EE0000B1B8 /* View */ = {
			isa = PBXGroup;
			children = (
				CFE172741F3EE4130000B1B8 /* materialView.swift */,
				CFE172761F3EE9E60000B1B8 /* itemCell.swift */,
			);
			name = View;
			sourceTree = "<group>";
		};
/* End PBXGroup section */

/* Begin PBXNativeTarget section */
		CFE1722C1F3EDB880000B1B8 /* DreamListerBetter */ = {
			isa = PBXNativeTarget;
			buildConfigurationList = CFE172421F3EDB880000B1B8 /* Build configuration list for PBXNativeTarget "DreamListerBetter" */;
			buildPhases = (
				CFE172291F3EDB880000B1B8 /* Sources */,
				CFE1722A1F3EDB880000B1B8 /* Frameworks */,
				CFE1722B1F3EDB880000B1B8 /* Resources */,
			);
			buildRules = (
			);
			dependencies = (
			);
			name = DreamListerBetter;
			productName = DreamListerBetter;
			productReference = CFE1722D1F3EDB880000B1B8 /* DreamListerBetter.app */;
			productType = "com.apple.product-type.application";
		};
/* End PBXNativeTarget section */

/* Begin PBXProject section */
		CFE172251F3EDB880000B1B8 /* Project object */ = {
			isa = PBXProject;
			attributes = {
				LastSwiftUpdateCheck = 0830;
				LastUpgradeCheck = 0830;
				ORGANIZATIONNAME = "Bhawna Verma";
				TargetAttributes = {
					CFE1722C1F3EDB880000B1B8 = {
						CreatedOnToolsVersion = 8.3.3;
						ProvisioningStyle = Automatic;
					};
				};
			};
			buildConfigurationList = CFE172281F3EDB880000B1B8 /* Build configuration list for PBXProject "DreamListerBetter" */;
			compatibilityVersion = "Xcode 3.2";
			developmentRegion = English;
			hasScannedForEncodings = 0;
			knownRegions = (
				en,
				Base,
			);
			mainGroup = CFE172241F3EDB880000B1B8;
			productRefGroup = CFE1722E1F3EDB880000B1B8 /* Products */;
			projectDirPath = "";
			projectRoot = "";
			targets = (
				CFE1722C1F3EDB880000B1B8 /* DreamListerBetter */,
			);
		};
/* End PBXProject section */

/* Begin PBXResourcesBuildPhase section */
		CFE1722B1F3EDB880000B1B8 /* Resources */ = {
			isa = PBXResourcesBuildPhase;
			buildActionMask = 2147483647;
			files = (
				CFE1723E1F3EDB880000B1B8 /* LaunchScreen.storyboard in Resources */,
				CFE172721F3EE3250000B1B8 /* women.jpg in Resources */,
				CFE1723B1F3EDB880000B1B8 /* Assets.xcassets in Resources */,
				CFE172361F3EDB880000B1B8 /* Main.storyboard in Resources */,
			);
			runOnlyForDeploymentPostprocessing = 0;
		};
/* End PBXResourcesBuildPhase section */

/* Begin PBXSourcesBuildPhase section */
		CFE172291F3EDB880000B1B8 /* Sources */ = {
			isa = PBXSourcesBuildPhase;
			buildActionMask = 2147483647;
			files = (
				CFE1726A1F3EE1190000B1B8 /* Item+CoreDataProperties.swift in Sources */,
				CFE172771F3EE9E60000B1B8 /* itemCell.swift in Sources */,
				CFE172691F3EE1190000B1B8 /* Item+CoreDataClass.swift in Sources */,
				CFE1726D1F3EE1190000B1B8 /* ItemType+CoreDataClass.swift in Sources */,
				CFE172751F3EE4130000B1B8 /* materialView.swift in Sources */,
				CFE172331F3EDB880000B1B8 /* MainVC.swift in Sources */,
				CFE172681F3EE1190000B1B8 /* Image+CoreDataProperties.swift in Sources */,
				CFE1726C1F3EE1190000B1B8 /* Store+CoreDataProperties.swift in Sources */,
				CF9F63681F3F084C007A2D8E /* itemDetailsVC.swift in Sources */,
				CFE172391F3EDB880000B1B8 /* DreamListerBetter.xcdatamodeld in Sources */,
				CFE1726E1F3EE1190000B1B8 /* ItemType+CoreDataProperties.swift in Sources */,
				CFE1726B1F3EE1190000B1B8 /* Store+CoreDataClass.swift in Sources */,
				CFE172311F3EDB880000B1B8 /* AppDelegate.swift in Sources */,
				CFE172671F3EE1190000B1B8 /* Image+CoreDataClass.swift in Sources */,
				CF9F636A1F3F0ADD007A2D8E /* CustomTextField.swift in Sources */,
			);
			runOnlyForDeploymentPostprocessing = 0;
		};
/* End PBXSourcesBuildPhase section */

/* Begin PBXVariantGroup section */
		CFE172341F3EDB880000B1B8 /* Main.storyboard */ = {
			isa = PBXVariantGroup;
			children = (
				CFE172351F3EDB880000B1B8 /* Base */,
			);
			name = Main.storyboard;
			sourceTree = "<group>";
		};
		CFE1723C1F3EDB880000B1B8 /* LaunchScreen.storyboard */ = {
			isa = PBXVariantGroup;
			children = (
				CFE1723D1F3EDB880000B1B8 /* Base */,
			);
			name = LaunchScreen.storyboard;
			sourceTree = "<group>";
		};
/* End PBXVariantGroup section */

/* Begin XCBuildConfiguration section */
		CFE172401F3EDB880000B1B8 /* Debug */ = {
			isa = XCBuildConfiguration;
			buildSettings = {
				ALWAYS_SEARCH_USER_PATHS = NO;
				CLANG_ANALYZER_NONNULL = YES;
				CLANG_ANALYZER_NUMBER_OBJECT_CONVERSION = YES_AGGRESSIVE;
				CLANG_CXX_LANGUAGE_STANDARD = "gnu++0x";
				CLANG_CXX_LIBRARY = "libc++";
				CLANG_ENABLE_MODULES = YES;
				CLANG_ENABLE_OBJC_ARC = YES;
				CLANG_WARN_BOOL_CONVERSION = YES;
				CLANG_WARN_CONSTANT_CONVERSION = YES;
				CLANG_WARN_DIRECT_OBJC_ISA_USAGE = YES_ERROR;
				CLANG_WARN_DOCUMENTATION_COMMENTS = YES;
				CLANG_WARN_EMPTY_BODY = YES;
				CLANG_WARN_ENUM_CONVERSION = YES;
				CLANG_WARN_INFINITE_RECURSION = YES;
				CLANG_WARN_INT_CONVERSION = YES;
				CLANG_WARN_OBJC_ROOT_CLASS = YES_ERROR;
				CLANG_WARN_SUSPICIOUS_MOVE = YES;
				CLANG_WARN_UNREACHABLE_CODE = YES;
				CLANG_WARN__DUPLICATE_METHOD_MATCH = YES;
				"CODE_SIGN_IDENTITY[sdk=iphoneos*]" = "iPhone Developer";
				COPY_PHASE_STRIP = NO;
				DEBUG_INFORMATION_FORMAT = dwarf;
				ENABLE_STRICT_OBJC_MSGSEND = YES;
				ENABLE_TESTABILITY = YES;
				GCC_C_LANGUAGE_STANDARD = gnu99;
				GCC_DYNAMIC_NO_PIC = NO;
				GCC_NO_COMMON_BLOCKS = YES;
				GCC_OPTIMIZATION_LEVEL = 0;
				GCC_PREPROCESSOR_DEFINITIONS = (
					"DEBUG=1",
					"$(inherited)",
				);
				GCC_WARN_64_TO_32_BIT_CONVERSION = YES;
				GCC_WARN_ABOUT_RETURN_TYPE = YES_ERROR;
				GCC_WARN_UNDECLARED_SELECTOR = YES;
				GCC_WARN_UNINITIALIZED_AUTOS = YES_AGGRESSIVE;
				GCC_WARN_UNUSED_FUNCTION = YES;
				GCC_WARN_UNUSED_VARIABLE = YES;
				IPHONEOS_DEPLOYMENT_TARGET = 10.3;
				MTL_ENABLE_DEBUG_INFO = YES;
				ONLY_ACTIVE_ARCH = YES;
				SDKROOT = iphoneos;
				SWIFT_ACTIVE_COMPILATION_CONDITIONS = DEBUG;
				SWIFT_OPTIMIZATION_LEVEL = "-Onone";
			};
			name = Debug;
		};
		CFE172411F3EDB880000B1B8 /* Release */ = {
			isa = XCBuildConfiguration;
			buildSettings = {
				ALWAYS_SEARCH_USER_PATHS = NO;
				CLANG_ANALYZER_NONNULL = YES;
				CLANG_ANALYZER_NUMBER_OBJECT_CONVERSION = YES_AGGRESSIVE;
				CLANG_CXX_LANGUAGE_STANDARD = "gnu++0x";
				CLANG_CXX_LIBRARY = "libc++";
				CLANG_ENABLE_MODULES = YES;
				CLANG_ENABLE_OBJC_ARC = YES;
				CLANG_WARN_BOOL_CONVERSION = YES;
				CLANG_WARN_CONSTANT_CONVERSION = YES;
				CLANG_WARN_DIRECT_OBJC_ISA_USAGE = YES_ERROR;
				CLANG_WARN_DOCUMENTATION_COMMENTS = YES;
				CLANG_WARN_EMPTY_BODY = YES;
				CLANG_WARN_ENUM_CONVERSION = YES;
				CLANG_WARN_INFINITE_RECURSION = YES;
				CLANG_WARN_INT_CONVERSION = YES;
				CLANG_WARN_OBJC_ROOT_CLASS = YES_ERROR;
				CLANG_WARN_SUSPICIOUS_MOVE = YES;
				CLANG_WARN_UNREACHABLE_CODE = YES;
				CLANG_WARN__DUPLICATE_METHOD_MATCH = YES;
				"CODE_SIGN_IDENTITY[sdk=iphoneos*]" = "iPhone Developer";
				COPY_PHASE_STRIP = NO;
				DEBUG_INFORMATION_FORMAT = "dwarf-with-dsym";
				ENABLE_NS_ASSERTIONS = NO;
				ENABLE_STRICT_OBJC_MSGSEND = YES;
				GCC_C_LANGUAGE_STANDARD = gnu99;
				GCC_NO_COMMON_BLOCKS = YES;
				GCC_WARN_64_TO_32_BIT_CONVERSION = YES;
				GCC_WARN_ABOUT_RETURN_TYPE = YES_ERROR;
				GCC_WARN_UNDECLARED_SELECTOR = YES;
				GCC_WARN_UNINITIALIZED_AUTOS = YES_AGGRESSIVE;
				GCC_WARN_UNUSED_FUNCTION = YES;
				GCC_WARN_UNUSED_VARIABLE = YES;
				IPHONEOS_DEPLOYMENT_TARGET = 10.3;
				MTL_ENABLE_DEBUG_INFO = NO;
				SDKROOT = iphoneos;
				SWIFT_OPTIMIZATION_LEVEL = "-Owholemodule";
				VALIDATE_PRODUCT = YES;
			};
			name = Release;
		};
		CFE172431F3EDB880000B1B8 /* Debug */ = {
			isa = XCBuildConfiguration;
			buildSettings = {
				ASSETCATALOG_COMPILER_APPICON_NAME = AppIcon;
				INFOPLIST_FILE = DreamListerBetter/Info.plist;
				LD_RUNPATH_SEARCH_PATHS = "$(inherited) @executable_path/Frameworks";
				PRODUCT_BUNDLE_IDENTIFIER = a.DreamListerBetter;
				PRODUCT_NAME = "$(TARGET_NAME)";
				SWIFT_VERSION = 3.0;
			};
			name = Debug;
		};
		CFE172441F3EDB880000B1B8 /* Release */ = {
			isa = XCBuildConfiguration;
			buildSettings = {
				ASSETCATALOG_COMPILER_APPICON_NAME = AppIcon;
				INFOPLIST_FILE = DreamListerBetter/Info.plist;
				LD_RUNPATH_SEARCH_PATHS = "$(inherited) @executable_path/Frameworks";
				PRODUCT_BUNDLE_IDENTIFIER = a.DreamListerBetter;
				PRODUCT_NAME = "$(TARGET_NAME)";
				SWIFT_VERSION = 3.0;
			};
			name = Release;
		};
/* End XCBuildConfiguration section */

/* Begin XCConfigurationList section */
		CFE172281F3EDB880000B1B8 /* Build configuration list for PBXProject "DreamListerBetter" */ = {
			isa = XCConfigurationList;
			buildConfigurations = (
				CFE172401F3EDB880000B1B8 /* Debug */,
				CFE172411F3EDB880000B1B8 /* Release */,
			);
			defaultConfigurationIsVisible = 0;
			defaultConfigurationName = Release;
		};
		CFE172421F3EDB880000B1B8 /* Build configuration list for PBXNativeTarget "DreamListerBetter" */ = {
			isa = XCConfigurationList;
			buildConfigurations = (
				CFE172431F3EDB880000B1B8 /* Debug */,
				CFE172441F3EDB880000B1B8 /* Release */,
			);
			defaultConfigurationIsVisible = 0;
			defaultConfigurationName = Release;
		};
/* End XCConfigurationList section */

/* Begin XCVersionGroup section */
		CFE172371F3EDB880000B1B8 /* DreamListerBetter.xcdatamodeld */ = {
			isa = XCVersionGroup;
			children = (
				CFE172381F3EDB880000B1B8 /* DreamListerBetter.xcdatamodel */,
			);
			currentVersion = CFE172381F3EDB880000B1B8 /* DreamListerBetter.xcdatamodel */;
			path = DreamListerBetter.xcdatamodeld;
			sourceTree = "<group>";
			versionGroupType = wrapper.xcdatamodel;
		};
/* End XCVersionGroup section */
	};
	rootObject = CFE172251F3EDB880000B1B8 /* Project object */;
}
